
Microsoft Visual Studio Solution File, Format Version 12.00
# Visual Studio Version 16
VisualStudioVersion = 16.0.31911.196
MinimumVisualStudioVersion = 10.0.40219.1
Project("{9A19103F-16F7-4668-BE54-9A1E7A4F7556}") = "Kolekce", "Teaching\Kolekce.csproj", "{84D2D39D-C057-4596-94D4-E7427B13780F}"
EndProject
Project("{9A19103F-16F7-4668-BE54-9A1E7A4F7556}") = "Dedicnost", "Dedicnost\Dedicnost.csproj", "{38B1D7E4-E13C-4319-8A1E-ABDE330CA3AF}"
EndProject
Project("{FAE04EC0-301F-11D3-BF4B-00C04F79EFBC}") = "Zaklady", "Zaklady\Zaklady.csproj", "{EF7712E7-5B70-4A5D-B110-40E73B92CFA5}"
EndProject
Global
	GlobalSection(SolutionConfigurationPlatforms) = preSolution
		Debug|Any CPU = Debug|Any CPU
		Release|Any CPU = Release|Any CPU
	EndGlobalSection
	GlobalSection(ProjectConfigurationPlatforms) = postSolution
		{84D2D39D-C057-4596-94D4-E7427B13780F}.Debug|Any CPU.ActiveCfg = Debug|Any CPU
		{84D2D39D-C057-4596-94D4-E7427B13780F}.Debug|Any CPU.Build.0 = Debug|Any CPU
		{84D2D39D-C057-4596-94D4-E7427B13780F}.Release|Any CPU.ActiveCfg = Release|Any CPU
		{84D2D39D-C057-4596-94D4-E7427B13780F}.Release|Any CPU.Build.0 = Release|Any CPU
		{38B1D7E4-E13C-4319-8A1E-ABDE330CA3AF}.Debug|Any CPU.ActiveCfg = Debug|Any CPU
		{38B1D7E4-E13C-4319-8A1E-ABDE330CA3AF}.Debug|Any CPU.Build.0 = Debug|Any CPU
		{38B1D7E4-E13C-4319-8A1E-ABDE330CA3AF}.Release|Any CPU.ActiveCfg = Release|Any CPU
		{38B1D7E4-E13C-4319-8A1E-ABDE330CA3AF}.Release|Any CPU.Build.0 = Release|Any CPU
		{EF7712E7-5B70-4A5D-B110-40E73B92CFA5}.Debug|Any CPU.ActiveCfg = Debug|Any CPU
		{EF7712E7-5B70-4A5D-B110-40E73B92CFA5}.Debug|Any CPU.Build.0 = Debug|Any CPU
		{EF7712E7-5B70-4A5D-B110-40E73B92CFA5}.Release|Any CPU.ActiveCfg = Release|Any CPU
		{EF7712E7-5B70-4A5D-B110-40E73B92CFA5}.Release|Any CPU.Build.0 = Release|Any CPU
	EndGlobalSection
	GlobalSection(SolutionProperties) = preSolution
		HideSolutionNode = FALSE
	EndGlobalSection
	GlobalSection(ExtensibilityGlobals) = postSolution
		SolutionGuid = {64057FF1-1D06-4572-B41E-0552870DB8CF}
	EndGlobalSection
EndGlobal
